// !$*UTF8*$!
{
	archiveVersion = 1;
	classes = {
	};
	objectVersion = 46;
	objects = {

/* Begin PBXBuildFile section */
		3225BDB61E40917A009E8483 /* AppDelegate.swift in Sources */ = {isa = PBXBuildFile; fileRef = 3225BDB51E40917A009E8483 /* AppDelegate.swift */; };
		3225BDB81E40917B009E8483 /* ViewController.swift in Sources */ = {isa = PBXBuildFile; fileRef = 3225BDB71E40917B009E8483 /* ViewController.swift */; };
		3225BDBB1E40917B009E8483 /* Main.storyboard in Resources */ = {isa = PBXBuildFile; fileRef = 3225BDB91E40917B009E8483 /* Main.storyboard */; };
		3225BDBE1E40917D009E8483 /* FindAddress.xcdatamodeld in Sources */ = {isa = PBXBuildFile; fileRef = 3225BDBC1E40917D009E8483 /* FindAddress.xcdatamodeld */; };
		3225BDC01E40917E009E8483 /* Assets.xcassets in Resources */ = {isa = PBXBuildFile; fileRef = 3225BDBF1E40917E009E8483 /* Assets.xcassets */; };
		3225BDC31E40917E009E8483 /* LaunchScreen.storyboard in Resources */ = {isa = PBXBuildFile; fileRef = 3225BDC11E40917E009E8483 /* LaunchScreen.storyboard */; };
/* End PBXBuildFile section */

/* Begin PBXFileReference section */
		3225BDB21E409179009E8483 /* FindAddress.app */ = {isa = PBXFileReference; explicitFileType = wrapper.application; includeInIndex = 0; path = FindAddress.app; sourceTree = BUILT_PRODUCTS_DIR; };
		3225BDB51E40917A009E8483 /* AppDelegate.swift */ = {isa = PBXFileReference; lastKnownFileType = sourcecode.swift; path = AppDelegate.swift; sourceTree = "<group>"; };
		3225BDB71E40917B009E8483 /* ViewController.swift */ = {isa = PBXFileReference; lastKnownFileType = sourcecode.swift; path = ViewController.swift; sourceTree = "<group>"; };
		3225BDBA1E40917B009E8483 /* Base */ = {isa = PBXFileReference; lastKnownFileType = file.storyboard; name = Base; path = Base.lproj/Main.storyboard; sourceTree = "<group>"; };
		3225BDBD1E40917D009E8483 /* FindAddress.xcdatamodel */ = {isa = PBXFileReference; lastKnownFileType = wrapper.xcdatamodel; path = FindAddress.xcdatamodel; sourceTree = "<group>"; };
		3225BDBF1E40917E009E8483 /* Assets.xcassets */ = {isa = PBXFileReference; lastKnownFileType = folder.assetcatalog; path = Assets.xcassets; sourceTree = "<group>"; };
		3225BDC21E40917E009E8483 /* Base */ = {isa = PBXFileReference; lastKnownFileType = file.storyboard; name = Base; path = Base.lproj/LaunchScreen.storyboard; sourceTree = "<group>"; };
		3225BDC41E40917E009E8483 /* Info.plist */ = {isa = PBXFileReference; lastKnownFileType = text.plist.xml; path = Info.plist; sourceTree = "<group>"; };
/* End PBXFileReference section */

/* Begin PBXFrameworksBuildPhase section */
		3225BDAF1E409179009E8483 /* Frameworks */ = {
			isa = PBXFrameworksBuildPhase;
			buildActionMask = 2147483647;
			files = (
			);
			runOnlyForDeploymentPostprocessing = 0;
		};
/* End PBXFrameworksBuildPhase section */

/* Begin PBXGroup section */
		3225BDA91E409177009E8483 = {
			isa = PBXGroup;
			children = (
				3225BDB41E409179009E8483 /* FindAddress */,
				3225BDB31E409179009E8483 /* Products */,
			);
			sourceTree = "<group>";
		};
		3225BDB31E409179009E8483 /* Products */ = {
			isa = PBXGroup;
			children = (
				3225BDB21E409179009E8483 /* FindAddress.app */,
			);
			name = Products;
			sourceTree = "<group>";
		};
		3225BDB41E409179009E8483 /* FindAddress */ = {
			isa = PBXGroup;
			children = (
				3225BDB51E40917A009E8483 /* AppDelegate.swift */,
				3225BDB71E40917B009E8483 /* ViewController.swift */,
				3225BDB91E40917B009E8483 /* Main.storyboard */,
				3225BDBF1E40917E009E8483 /* Assets.xcassets */,
				3225BDC11E40917E009E8483 /* LaunchScreen.storyboard */,
				3225BDC41E40917E009E8483 /* Info.plist */,
				3225BDBC1E40917D009E8483 /* FindAddress.xcdatamodeld */,
			);
			path = FindAddress;
			sourceTree = "<group>";
		};
/* End PBXGroup section */

/* Begin PBXNativeTarget section */
		3225BDB11E409179009E8483 /* FindAddress */ = {
			isa = PBXNativeTarget;
			buildConfigurationList = 3225BDC71E40917E009E8483 /* Build configuration list for PBXNativeTarget "FindAddress" */;
			buildPhases = (
				3225BDAE1E409179009E8483 /* Sources */,
				3225BDAF1E409179009E8483 /* Frameworks */,
				3225BDB01E409179009E8483 /* Resources */,
			);
			buildRules = (
			);
			dependencies = (
			);
			name = FindAddress;
			productName = FindAddress;
			productReference = 3225BDB21E409179009E8483 /* FindAddress.app */;
			productType = "com.apple.product-type.application";
		};
/* End PBXNativeTarget section */

/* Begin PBXProject section */
		3225BDAA1E409177009E8483 /* Project object */ = {
			isa = PBXProject;
			attributes = {
				LastSwiftUpdateCheck = 0820;
				LastUpgradeCheck = 0820;
				ORGANIZATIONNAME = "Vladimir Nevinniy";
				TargetAttributes = {
					3225BDB11E409179009E8483 = {
						CreatedOnToolsVersion = 8.2.1;
						DevelopmentTeam = ML92WQMC99;
						ProvisioningStyle = Automatic;
					};
				};
			};
			buildConfigurationList = 3225BDAD1E409177009E8483 /* Build configuration list for PBXProject "FindAddress" */;
			compatibilityVersion = "Xcode 3.2";
			developmentRegion = English;
			hasScannedForEncodings = 0;
			knownRegions = (
				en,
				Base,
			);
			mainGroup = 3225BDA91E409177009E8483;
			productRefGroup = 3225BDB31E409179009E8483 /* Products */;
			projectDirPath = "";
			projectRoot = "";
			targets = (
				3225BDB11E409179009E8483 /* FindAddress */,
			);
		};
/* End PBXProject section */

/* Begin PBXResourcesBuildPhase section */
		3225BDB01E409179009E8483 /* Resources */ = {
			isa = PBXResourcesBuildPhase;
			buildActionMask = 2147483647;
			files = (
				3225BDC31E40917E009E8483 /* LaunchScreen.storyboard in Resources */,
				3225BDC01E40917E009E8483 /* Assets.xcassets in Resources */,
				3225BDBB1E40917B009E8483 /* Main.storyboard in Resources */,
			);
			runOnlyForDeploymentPostprocessing = 0;
		};
/* End PBXResourcesBuildPhase section */

/* Begin PBXSourcesBuildPhase section */
		3225BDAE1E409179009E8483 /* Sources */ = {
			isa = PBXSourcesBuildPhase;
			buildActionMask = 2147483647;
			files = (
				3225BDB81E40917B009E8483 /* ViewController.swift in Sources */,
				3225BDBE1E40917D009E8483 /* FindAddress.xcdatamodeld in Sources */,
				3225BDB61E40917A009E8483 /* AppDelegate.swift in Sources */,
			);
			runOnlyForDeploymentPostprocessing = 0;
		};
/* End PBXSourcesBuildPhase section */

/* Begin PBXVariantGroup section */
		3225BDB91E40917B009E8483 /* Main.storyboard */ = {
			isa = PBXVariantGroup;
			children = (
				3225BDBA1E40917B009E8483 /* Base */,
			);
			name = Main.storyboard;
			sourceTree = "<group>";
		};
		3225BDC11E40917E009E8483 /* LaunchScreen.storyboard */ = {
			isa = PBXVariantGroup;
			children = (
				3225BDC21E40917E009E8483 /* Base */,
			);
			name = LaunchScreen.storyboard;
			sourceTree = "<group>";
		};
/* End PBXVariantGroup section */

/* Begin XCBuildConfiguration section */
		3225BDC51E40917E009E8483 /* Debug */ = {
			isa = XCBuildConfiguration;
			buildSettings = {
				ALWAYS_SEARCH_USER_PATHS = NO;
				CLANG_ANALYZER_NONNULL = YES;
				CLANG_CXX_LANGUAGE_STANDARD = "gnu++0x";
				CLANG_CXX_LIBRARY = "libc++";
				CLANG_ENABLE_MODULES = YES;
				CLANG_ENABLE_OBJC_ARC = YES;
				CLANG_WARN_BOOL_CONVERSION = YES;
				CLANG_WARN_CONSTANT_CONVERSION = YES;
				CLANG_WARN_DIRECT_OBJC_ISA_USAGE = YES_ERROR;
				CLANG_WARN_DOCUMENTATION_COMMENTS = YES;
				CLANG_WARN_EMPTY_BODY = YES;
				CLANG_WARN_ENUM_CONVERSION = YES;
				CLANG_WARN_INFINITE_RECURSION = YES;
				CLANG_WARN_INT_CONVERSION = YES;
				CLANG_WARN_OBJC_ROOT_CLASS = YES_ERROR;
				CLANG_WARN_SUSPICIOUS_MOVE = YES;
				CLANG_WARN_UNREACHABLE_CODE = YES;
				CLANG_WARN__DUPLICATE_METHOD_MATCH = YES;
				"CODE_SIGN_IDENTITY[sdk=iphoneos*]" = "iPhone Developer";
				COPY_PHASE_STRIP = NO;
				DEBUG_INFORMATION_FORMAT = dwarf;
				ENABLE_STRICT_OBJC_MSGSEND = YES;
				ENABLE_TESTABILITY = YES;
				GCC_C_LANGUAGE_STANDARD = gnu99;
				GCC_DYNAMIC_NO_PIC = NO;
				GCC_NO_COMMON_BLOCKS = YES;
				GCC_OPTIMIZATION_LEVEL = 0;
				GCC_PREPROCESSOR_DEFINITIONS = (
					"DEBUG=1",
					"$(inherited)",
				);
				GCC_WARN_64_TO_32_BIT_CONVERSION = YES;
				GCC_WARN_ABOUT_RETURN_TYPE = YES_ERROR;
				GCC_WARN_UNDECLARED_SELECTOR = YES;
				GCC_WARN_UNINITIALIZED_AUTOS = YES_AGGRESSIVE;
				GCC_WARN_UNUSED_FUNCTION = YES;
				GCC_WARN_UNUSED_VARIABLE = YES;
				IPHONEOS_DEPLOYMENT_TARGET = 10.2;
				MTL_ENABLE_DEBUG_INFO = YES;
				ONLY_ACTIVE_ARCH = YES;
				SDKROOT = iphoneos;
				SWIFT_ACTIVE_COMPILATION_CONDITIONS = DEBUG;
				SWIFT_OPTIMIZATION_LEVEL = "-Onone";
				TARGETED_DEVICE_FAMILY = "1,2";
			};
			name = Debug;
		};
		3225BDC61E40917E009E8483 /* Release */ = {
			isa = XCBuildConfiguration;
			buildSettings = {
				ALWAYS_SEARCH_USER_PATHS = NO;
				CLANG_ANALYZER_NONNULL = YES;
				CLANG_CXX_LANGUAGE_STANDARD = "gnu++0x";
				CLANG_CXX_LIBRARY = "libc++";
				CLANG_ENABLE_MODULES = YES;
				CLANG_ENABLE_OBJC_ARC = YES;
				CLANG_WARN_BOOL_CONVERSION = YES;
				CLANG_WARN_CONSTANT_CONVERSION = YES;
				CLANG_WARN_DIRECT_OBJC_ISA_USAGE = YES_ERROR;
				CLANG_WARN_DOCUMENTATION_COMMENTS = YES;
				CLANG_WARN_EMPTY_BODY = YES;
				CLANG_WARN_ENUM_CONVERSION = YES;
				CLANG_WARN_INFINITE_RECURSION = YES;
				CLANG_WARN_INT_CONVERSION = YES;
				CLANG_WARN_OBJC_ROOT_CLASS = YES_ERROR;
				CLANG_WARN_SUSPICIOUS_MOVE = YES;
				CLANG_WARN_UNREACHABLE_CODE = YES;
				CLANG_WARN__DUPLICATE_METHOD_MATCH = YES;
				"CODE_SIGN_IDENTITY[sdk=iphoneos*]" = "iPhone Developer";
				COPY_PHASE_STRIP = NO;
				DEBUG_INFORMATION_FORMAT = "dwarf-with-dsym";
				ENABLE_NS_ASSERTIONS = NO;
				ENABLE_STRICT_OBJC_MSGSEND = YES;
				GCC_C_LANGUAGE_STANDARD = gnu99;
				GCC_NO_COMMON_BLOCKS = YES;
				GCC_WARN_64_TO_32_BIT_CONVERSION = YES;
				GCC_WARN_ABOUT_RETURN_TYPE = YES_ERROR;
				GCC_WARN_UNDECLARED_SELECTOR = YES;
				GCC_WARN_UNINITIALIZED_AUTOS = YES_AGGRESSIVE;
				GCC_WARN_UNUSED_FUNCTION = YES;
				GCC_WARN_UNUSED_VARIABLE = YES;
				IPHONEOS_DEPLOYMENT_TARGET = 10.2;
				MTL_ENABLE_DEBUG_INFO = NO;
				SDKROOT = iphoneos;
				SWIFT_OPTIMIZATION_LEVEL = "-Owholemodule";
				TARGETED_DEVICE_FAMILY = "1,2";
				VALIDATE_PRODUCT = YES;
			};
			name = Release;
		};
		3225BDC81E40917E009E8483 /* Debug */ = {
			isa = XCBuildConfiguration;
			buildSettings = {
				ASSETCATALOG_COMPILER_APPICON_NAME = AppIcon;
				DEVELOPMENT_TEAM = ML92WQMC99;
				INFOPLIST_FILE = FindAddress/Info.plist;
				LD_RUNPATH_SEARCH_PATHS = "$(inherited) @executable_path/Frameworks";
				PRODUCT_BUNDLE_IDENTIFIER = com.nvovap.FindAddress;
				PRODUCT_NAME = "$(TARGET_NAME)";
				SWIFT_VERSION = 3.0;
			};
			name = Debug;
		};
		3225BDC91E40917E009E8483 /* Release */ = {
			isa = XCBuildConfiguration;
			buildSettings = {
				ASSETCATALOG_COMPILER_APPICON_NAME = AppIcon;
				DEVELOPMENT_TEAM = ML92WQMC99;
				INFOPLIST_FILE = FindAddress/Info.plist;
				LD_RUNPATH_SEARCH_PATHS = "$(inherited) @executable_path/Frameworks";
				PRODUCT_BUNDLE_IDENTIFIER = com.nvovap.FindAddress;
				PRODUCT_NAME = "$(TARGET_NAME)";
				SWIFT_VERSION = 3.0;
			};
			name = Release;
		};
/* End XCBuildConfiguration section */

/* Begin XCConfigurationList section */
		3225BDAD1E409177009E8483 /* Build configuration list for PBXProject "FindAddress" */ = {
			isa = XCConfigurationList;
			buildConfigurations = (
				3225BDC51E40917E009E8483 /* Debug */,
				3225BDC61E40917E009E8483 /* Release */,
			);
			defaultConfigurationIsVisible = 0;
			defaultConfigurationName = Release;
		};
		3225BDC71E40917E009E8483 /* Build configuration list for PBXNativeTarget "FindAddress" */ = {
			isa = XCConfigurationList;
			buildConfigurations = (
				3225BDC81E40917E009E8483 /* Debug */,
				3225BDC91E40917E009E8483 /* Release */,
			);
			defaultConfigurationIsVisible = 0;
		};
/* End XCConfigurationList section */

/* Begin XCVersionGroup section */
		3225BDBC1E40917D009E8483 /* FindAddress.xcdatamodeld */ = {
			isa = XCVersionGroup;
			children = (
				3225BDBD1E40917D009E8483 /* FindAddress.xcdatamodel */,
			);
			currentVersion = 3225BDBD1E40917D009E8483 /* FindAddress.xcdatamodel */;
			path = FindAddress.xcdatamodeld;
			sourceTree = "<group>";
			versionGroupType = wrapper.xcdatamodel;
		};
/* End XCVersionGroup section */
	};
	rootObject = 3225BDAA1E409177009E8483 /* Project object */;
}
